
Microsoft Visual Studio Solution File, Format Version 12.00
# Visual Studio 14
VisualStudioVersion = 14.0.25420.1
MinimumVisualStudioVersion = 10.0.40219.1
Project("{FAE04EC0-301F-11D3-BF4B-00C04F79EFBC}") = "WebChatRoom", "WebChatRoom\WebChatRoom.csproj", "{D7056F3D-DBD7-45D5-818F-1875A7B6DA29}"
EndProject
Project("{2150E333-8FDC-42A3-9474-1A3956D46DE8}") = "Solution Task", "Solution Task", "{4FA27BB4-F8CA-477E-A82A-1CCD64E8149C}"
	ProjectSection(SolutionItems) = preProject
		Advanced9第九次homework.txt = Advanced9第九次homework.txt
		说明文档.txt = 说明文档.txt
	EndProjectSection
EndProject
Global
	GlobalSection(SolutionConfigurationPlatforms) = preSolution
		Debug|Any CPU = Debug|Any CPU
		Release|Any CPU = Release|Any CPU
	EndGlobalSection
	GlobalSection(ProjectConfigurationPlatforms) = postSolution
		{D7056F3D-DBD7-45D5-818F-1875A7B6DA29}.Debug|Any CPU.ActiveCfg = Debug|Any CPU
		{D7056F3D-DBD7-45D5-818F-1875A7B6DA29}.Debug|Any CPU.Build.0 = Debug|Any CPU
		{D7056F3D-DBD7-45D5-818F-1875A7B6DA29}.Release|Any CPU.ActiveCfg = Release|Any CPU
		{D7056F3D-DBD7-45D5-818F-1875A7B6DA29}.Release|Any CPU.Build.0 = Release|Any CPU
	EndGlobalSection
	GlobalSection(SolutionProperties) = preSolution
		HideSolutionNode = FALSE
	EndGlobalSection
EndGlobal
